
Microsoft Visual Studio Solution File, Format Version 12.00
# Visual Studio 15
VisualStudioVersion = 15.0.26124.0
MinimumVisualStudioVersion = 15.0.26124.0
Project("{2150E333-8FDC-42A3-9474-1A3956D46DE8}") = "src", "src", "{1794B9F0-D70D-46E6-8B1B-CC4D3F6183FE}"
EndProject
Project("{FAE04EC0-301F-11D3-BF4B-00C04F79EFBC}") = "CommandAPI", "src\CommandAPI\CommandAPI.csproj", "{0410F77A-DBB9-4645-8F4F-EB8C8C4541AB}"
EndProject
Project("{2150E333-8FDC-42A3-9474-1A3956D46DE8}") = "test", "test", "{36D5B282-4044-4A96-8053-F9B4555719F5}"
EndProject
Project("{FAE04EC0-301F-11D3-BF4B-00C04F79EFBC}") = "CommandAPI.Tests", "test\CommandAPI.Tests\CommandAPI.Tests.csproj", "{C50C93C5-CD36-443F-A213-BCC60D81AB3F}"
EndProject
Global
	GlobalSection(SolutionConfigurationPlatforms) = preSolution
		Debug|Any CPU = Debug|Any CPU
		Debug|x64 = Debug|x64
		Debug|x86 = Debug|x86
		Release|Any CPU = Release|Any CPU
		Release|x64 = Release|x64
		Release|x86 = Release|x86
	EndGlobalSection
	GlobalSection(SolutionProperties) = preSolution
		HideSolutionNode = FALSE
	EndGlobalSection
	GlobalSection(ProjectConfigurationPlatforms) = postSolution
		{0410F77A-DBB9-4645-8F4F-EB8C8C4541AB}.Debug|Any CPU.ActiveCfg = Debug|Any CPU
		{0410F77A-DBB9-4645-8F4F-EB8C8C4541AB}.Debug|Any CPU.Build.0 = Debug|Any CPU
		{0410F77A-DBB9-4645-8F4F-EB8C8C4541AB}.Debug|x64.ActiveCfg = Debug|Any CPU
		{0410F77A-DBB9-4645-8F4F-EB8C8C4541AB}.Debug|x64.Build.0 = Debug|Any CPU
		{0410F77A-DBB9-4645-8F4F-EB8C8C4541AB}.Debug|x86.ActiveCfg = Debug|Any CPU
		{0410F77A-DBB9-4645-8F4F-EB8C8C4541AB}.Debug|x86.Build.0 = Debug|Any CPU
		{0410F77A-DBB9-4645-8F4F-EB8C8C4541AB}.Release|Any CPU.ActiveCfg = Release|Any CPU
		{0410F77A-DBB9-4645-8F4F-EB8C8C4541AB}.Release|Any CPU.Build.0 = Release|Any CPU
		{0410F77A-DBB9-4645-8F4F-EB8C8C4541AB}.Release|x64.ActiveCfg = Release|Any CPU
		{0410F77A-DBB9-4645-8F4F-EB8C8C4541AB}.Release|x64.Build.0 = Release|Any CPU
		{0410F77A-DBB9-4645-8F4F-EB8C8C4541AB}.Release|x86.ActiveCfg = Release|Any CPU
		{0410F77A-DBB9-4645-8F4F-EB8C8C4541AB}.Release|x86.Build.0 = Release|Any CPU
		{C50C93C5-CD36-443F-A213-BCC60D81AB3F}.Debug|Any CPU.ActiveCfg = Debug|Any CPU
		{C50C93C5-CD36-443F-A213-BCC60D81AB3F}.Debug|Any CPU.Build.0 = Debug|Any CPU
		{C50C93C5-CD36-443F-A213-BCC60D81AB3F}.Debug|x64.ActiveCfg = Debug|Any CPU
		{C50C93C5-CD36-443F-A213-BCC60D81AB3F}.Debug|x64.Build.0 = Debug|Any CPU
		{C50C93C5-CD36-443F-A213-BCC60D81AB3F}.Debug|x86.ActiveCfg = Debug|Any CPU
		{C50C93C5-CD36-443F-A213-BCC60D81AB3F}.Debug|x86.Build.0 = Debug|Any CPU
		{C50C93C5-CD36-443F-A213-BCC60D81AB3F}.Release|Any CPU.ActiveCfg = Release|Any CPU
		{C50C93C5-CD36-443F-A213-BCC60D81AB3F}.Release|Any CPU.Build.0 = Release|Any CPU
		{C50C93C5-CD36-443F-A213-BCC60D81AB3F}.Release|x64.ActiveCfg = Release|Any CPU
		{C50C93C5-CD36-443F-A213-BCC60D81AB3F}.Release|x64.Build.0 = Release|Any CPU
		{C50C93C5-CD36-443F-A213-BCC60D81AB3F}.Release|x86.ActiveCfg = Release|Any CPU
		{C50C93C5-CD36-443F-A213-BCC60D81AB3F}.Release|x86.Build.0 = Release|Any CPU
	EndGlobalSection
	GlobalSection(NestedProjects) = preSolution
		{0410F77A-DBB9-4645-8F4F-EB8C8C4541AB} = {1794B9F0-D70D-46E6-8B1B-CC4D3F6183FE}
		{C50C93C5-CD36-443F-A213-BCC60D81AB3F} = {36D5B282-4044-4A96-8053-F9B4555719F5}
	EndGlobalSection
EndGlobal
